
Microsoft Visual Studio Solution File, Format Version 12.00
# Visual Studio Version 17
VisualStudioVersion = 17.8.34525.116
MinimumVisualStudioVersion = 10.0.40219.1
Project("{9A19103F-16F7-4668-BE54-9A1E7A4F7556}") = "RealStateApp", "RealStateApp\RealStateApp.csproj", "{C2EED2FF-28D9-4BA3-AF08-5793F8447422}"
EndProject
Project("{2150E333-8FDC-42A3-9474-1A3956D46DE8}") = "Source", "Source", "{51C65589-1CDF-4812-BAB2-D5E239149E19}"
	ProjectSection(SolutionItems) = preProject
		Miembros.txt = Miembros.txt
	EndProjectSection
EndProject
Project("{2150E333-8FDC-42A3-9474-1A3956D46DE8}") = "WebApp", "WebApp", "{6F52D1F0-BBE7-4E28-AAFA-322D80435440}"
EndProject
Project("{2150E333-8FDC-42A3-9474-1A3956D46DE8}") = "Core", "Core", "{B2338E7E-00EF-4603-9AB5-3C149AE9762D}"
EndProject
Project("{2150E333-8FDC-42A3-9474-1A3956D46DE8}") = "Infraestructure", "Infraestructure", "{8888F647-DD93-4741-9B7F-B6814CE25660}"
EndProject
Project("{9A19103F-16F7-4668-BE54-9A1E7A4F7556}") = "RealStateApp.Core.Domain", "RealStateApp.Core.Domain\RealStateApp.Core.Domain.csproj", "{E34BFD89-ED5B-4377-B097-A58A8EFDBA6E}"
EndProject
Project("{9A19103F-16F7-4668-BE54-9A1E7A4F7556}") = "RealStateApp.Core.Application", "RealStateApp.Core.Application\RealStateApp.Core.Application.csproj", "{211D7787-6215-4E01-8860-DBA65BF06F6E}"
EndProject
Project("{9A19103F-16F7-4668-BE54-9A1E7A4F7556}") = "RealStateApp.Infraestructure.Identity", "RealStateApp.Infraestructure.Identity\RealStateApp.Infraestructure.Identity.csproj", "{1E000D43-BC18-468A-AB3B-88CABEA420E5}"
EndProject
Project("{9A19103F-16F7-4668-BE54-9A1E7A4F7556}") = "RealStateApp.Infraestructure.Persistence", "RealStateApp.Infraestructure.Persistence\RealStateApp.Infraestructure.Persistence.csproj", "{F3C930FB-3684-4E3D-956C-E73274CD0C2E}"
EndProject
Project("{9A19103F-16F7-4668-BE54-9A1E7A4F7556}") = "RealStateApp.Infraestructure.Shared", "RealStateApp.Infraestructure.Shared\RealStateApp.Infraestructure.Shared.csproj", "{FFD9E6A4-3DCA-42A9-99E9-FB2C6B740BDA}"
EndProject
Project("{2150E333-8FDC-42A3-9474-1A3956D46DE8}") = "Presentation", "Presentation", "{ACE20A16-5063-4500-AE68-F9D9B41E33C8}"
EndProject
Project("{2150E333-8FDC-42A3-9474-1A3956D46DE8}") = "WebApi", "WebApi", "{2CC35F43-97F7-422C-8271-E17B818C3580}"
EndProject
Project("{9A19103F-16F7-4668-BE54-9A1E7A4F7556}") = "RealStateApp.Api", "RealStateApp.Api\RealStateApp.Api.csproj", "{9D19F647-B582-4F0B-98A5-FEA17C941545}"
EndProject
Global
	GlobalSection(SolutionConfigurationPlatforms) = preSolution
		Debug|Any CPU = Debug|Any CPU
		Release|Any CPU = Release|Any CPU
	EndGlobalSection
	GlobalSection(ProjectConfigurationPlatforms) = postSolution
		{C2EED2FF-28D9-4BA3-AF08-5793F8447422}.Debug|Any CPU.ActiveCfg = Debug|Any CPU
		{C2EED2FF-28D9-4BA3-AF08-5793F8447422}.Debug|Any CPU.Build.0 = Debug|Any CPU
		{C2EED2FF-28D9-4BA3-AF08-5793F8447422}.Release|Any CPU.ActiveCfg = Release|Any CPU
		{C2EED2FF-28D9-4BA3-AF08-5793F8447422}.Release|Any CPU.Build.0 = Release|Any CPU
		{E34BFD89-ED5B-4377-B097-A58A8EFDBA6E}.Debug|Any CPU.ActiveCfg = Debug|Any CPU
		{E34BFD89-ED5B-4377-B097-A58A8EFDBA6E}.Debug|Any CPU.Build.0 = Debug|Any CPU
		{E34BFD89-ED5B-4377-B097-A58A8EFDBA6E}.Release|Any CPU.ActiveCfg = Release|Any CPU
		{E34BFD89-ED5B-4377-B097-A58A8EFDBA6E}.Release|Any CPU.Build.0 = Release|Any CPU
		{211D7787-6215-4E01-8860-DBA65BF06F6E}.Debug|Any CPU.ActiveCfg = Debug|Any CPU
		{211D7787-6215-4E01-8860-DBA65BF06F6E}.Debug|Any CPU.Build.0 = Debug|Any CPU
		{211D7787-6215-4E01-8860-DBA65BF06F6E}.Release|Any CPU.ActiveCfg = Release|Any CPU
		{211D7787-6215-4E01-8860-DBA65BF06F6E}.Release|Any CPU.Build.0 = Release|Any CPU
		{1E000D43-BC18-468A-AB3B-88CABEA420E5}.Debug|Any CPU.ActiveCfg = Debug|Any CPU
		{1E000D43-BC18-468A-AB3B-88CABEA420E5}.Debug|Any CPU.Build.0 = Debug|Any CPU
		{1E000D43-BC18-468A-AB3B-88CABEA420E5}.Release|Any CPU.ActiveCfg = Release|Any CPU
		{1E000D43-BC18-468A-AB3B-88CABEA420E5}.Release|Any CPU.Build.0 = Release|Any CPU
		{F3C930FB-3684-4E3D-956C-E73274CD0C2E}.Debug|Any CPU.ActiveCfg = Debug|Any CPU
		{F3C930FB-3684-4E3D-956C-E73274CD0C2E}.Debug|Any CPU.Build.0 = Debug|Any CPU
		{F3C930FB-3684-4E3D-956C-E73274CD0C2E}.Release|Any CPU.ActiveCfg = Release|Any CPU
		{F3C930FB-3684-4E3D-956C-E73274CD0C2E}.Release|Any CPU.Build.0 = Release|Any CPU
		{FFD9E6A4-3DCA-42A9-99E9-FB2C6B740BDA}.Debug|Any CPU.ActiveCfg = Debug|Any CPU
		{FFD9E6A4-3DCA-42A9-99E9-FB2C6B740BDA}.Debug|Any CPU.Build.0 = Debug|Any CPU
		{FFD9E6A4-3DCA-42A9-99E9-FB2C6B740BDA}.Release|Any CPU.ActiveCfg = Release|Any CPU
		{FFD9E6A4-3DCA-42A9-99E9-FB2C6B740BDA}.Release|Any CPU.Build.0 = Release|Any CPU
		{9D19F647-B582-4F0B-98A5-FEA17C941545}.Debug|Any CPU.ActiveCfg = Debug|Any CPU
		{9D19F647-B582-4F0B-98A5-FEA17C941545}.Debug|Any CPU.Build.0 = Debug|Any CPU
		{9D19F647-B582-4F0B-98A5-FEA17C941545}.Release|Any CPU.ActiveCfg = Release|Any CPU
		{9D19F647-B582-4F0B-98A5-FEA17C941545}.Release|Any CPU.Build.0 = Release|Any CPU
	EndGlobalSection
	GlobalSection(SolutionProperties) = preSolution
		HideSolutionNode = FALSE
	EndGlobalSection
	GlobalSection(NestedProjects) = preSolution
		{C2EED2FF-28D9-4BA3-AF08-5793F8447422} = {6F52D1F0-BBE7-4E28-AAFA-322D80435440}
		{6F52D1F0-BBE7-4E28-AAFA-322D80435440} = {ACE20A16-5063-4500-AE68-F9D9B41E33C8}
		{B2338E7E-00EF-4603-9AB5-3C149AE9762D} = {51C65589-1CDF-4812-BAB2-D5E239149E19}
		{8888F647-DD93-4741-9B7F-B6814CE25660} = {51C65589-1CDF-4812-BAB2-D5E239149E19}
		{E34BFD89-ED5B-4377-B097-A58A8EFDBA6E} = {B2338E7E-00EF-4603-9AB5-3C149AE9762D}
		{211D7787-6215-4E01-8860-DBA65BF06F6E} = {B2338E7E-00EF-4603-9AB5-3C149AE9762D}
		{1E000D43-BC18-468A-AB3B-88CABEA420E5} = {8888F647-DD93-4741-9B7F-B6814CE25660}
		{F3C930FB-3684-4E3D-956C-E73274CD0C2E} = {8888F647-DD93-4741-9B7F-B6814CE25660}
		{FFD9E6A4-3DCA-42A9-99E9-FB2C6B740BDA} = {8888F647-DD93-4741-9B7F-B6814CE25660}
		{ACE20A16-5063-4500-AE68-F9D9B41E33C8} = {51C65589-1CDF-4812-BAB2-D5E239149E19}
		{2CC35F43-97F7-422C-8271-E17B818C3580} = {ACE20A16-5063-4500-AE68-F9D9B41E33C8}
		{9D19F647-B582-4F0B-98A5-FEA17C941545} = {2CC35F43-97F7-422C-8271-E17B818C3580}
	EndGlobalSection
	GlobalSection(ExtensibilityGlobals) = postSolution
		SolutionGuid = {4322107D-21CE-4047-98F9-74F77731D427}
	EndGlobalSection
EndGlobal
